
Microsoft Visual Studio Solution File, Format Version 12.00
# Visual Studio Version 16
VisualStudioVersion = 16.0.32126.315
MinimumVisualStudioVersion = 10.0.40219.1
Project("{FAE04EC0-301F-11D3-BF4B-00C04F79EFBC}") = "ClasseBase.App", "ClasseBase\ClasseBase.App.csproj", "{8A922DE5-8052-447B-8D05-6EFC4CD6EAD1}"
EndProject
Project("{FAE04EC0-301F-11D3-BF4B-00C04F79EFBC}") = "ClasseBase.Model", "ClasseBase.Models\ClasseBase.Model.csproj", "{0ADC6D20-6C3E-4C8B-A25E-57E1A8A5EFD2}"
EndProject
Global
	GlobalSection(SolutionConfigurationPlatforms) = preSolution
		Debug|Any CPU = Debug|Any CPU
		Release|Any CPU = Release|Any CPU
	EndGlobalSection
	GlobalSection(ProjectConfigurationPlatforms) = postSolution
		{8A922DE5-8052-447B-8D05-6EFC4CD6EAD1}.Debug|Any CPU.ActiveCfg = Debug|Any CPU
		{8A922DE5-8052-447B-8D05-6EFC4CD6EAD1}.Debug|Any CPU.Build.0 = Debug|Any CPU
		{8A922DE5-8052-447B-8D05-6EFC4CD6EAD1}.Release|Any CPU.ActiveCfg = Release|Any CPU
		{8A922DE5-8052-447B-8D05-6EFC4CD6EAD1}.Release|Any CPU.Build.0 = Release|Any CPU
		{0ADC6D20-6C3E-4C8B-A25E-57E1A8A5EFD2}.Debug|Any CPU.ActiveCfg = Debug|Any CPU
		{0ADC6D20-6C3E-4C8B-A25E-57E1A8A5EFD2}.Debug|Any CPU.Build.0 = Debug|Any CPU
		{0ADC6D20-6C3E-4C8B-A25E-57E1A8A5EFD2}.Release|Any CPU.ActiveCfg = Release|Any CPU
		{0ADC6D20-6C3E-4C8B-A25E-57E1A8A5EFD2}.Release|Any CPU.Build.0 = Release|Any CPU
	EndGlobalSection
	GlobalSection(SolutionProperties) = preSolution
		HideSolutionNode = FALSE
	EndGlobalSection
	GlobalSection(ExtensibilityGlobals) = postSolution
		SolutionGuid = {DE53F25B-AA7D-4E6E-9406-3FBFDAF2258B}
	EndGlobalSection
EndGlobal
